// !$*UTF8*$!
{
	archiveVersion = 1;
	classes = {
	};
	objectVersion = 46;
	objects = {

/* Begin PBXBuildFile section */
		B37BEC281C48C1C8004BFCDE /* main.m in Sources */ = {isa = PBXBuildFile; fileRef = B37BEC271C48C1C8004BFCDE /* main.m */; };
		B37BEC311C48C1C8004BFCDE /* Main.storyboard in Resources */ = {isa = PBXBuildFile; fileRef = B37BEC2F1C48C1C8004BFCDE /* Main.storyboard */; };
		B37BEC331C48C1C8004BFCDE /* Assets.xcassets in Resources */ = {isa = PBXBuildFile; fileRef = B37BEC321C48C1C8004BFCDE /* Assets.xcassets */; };
		B37BEC361C48C1C8004BFCDE /* LaunchScreen.storyboard in Resources */ = {isa = PBXBuildFile; fileRef = B37BEC341C48C1C8004BFCDE /* LaunchScreen.storyboard */; };
		B37BEC951C4A6564004BFCDE /* ViewController.m in Sources */ = {isa = PBXBuildFile; fileRef = B37BEC891C4A6564004BFCDE /* ViewController.m */; };
		B37BEC961C4A6564004BFCDE /* MSAlertView.m in Sources */ = {isa = PBXBuildFile; fileRef = B37BEC8C1C4A6564004BFCDE /* MSAlertView.m */; };
		B37BEC971C4A6564004BFCDE /* MSAlertViewController.m in Sources */ = {isa = PBXBuildFile; fileRef = B37BEC8F1C4A6564004BFCDE /* MSAlertViewController.m */; };
		B37BEC981C4A6564004BFCDE /* MSLoginExample.xib in Resources */ = {isa = PBXBuildFile; fileRef = B37BEC901C4A6564004BFCDE /* MSLoginExample.xib */; };
		B37BEC991C4A6564004BFCDE /* MSShoppingCart.m in Sources */ = {isa = PBXBuildFile; fileRef = B37BEC931C4A6564004BFCDE /* MSShoppingCart.m */; };
		B37BEC9A1C4A6564004BFCDE /* MSShoppingCart.xib in Resources */ = {isa = PBXBuildFile; fileRef = B37BEC941C4A6564004BFCDE /* MSShoppingCart.xib */; };
		B37BEC9E1C4A657A004BFCDE /* AppDelegate.m in Sources */ = {isa = PBXBuildFile; fileRef = B37BEC9D1C4A657A004BFCDE /* AppDelegate.m */; };
/* End PBXBuildFile section */

/* Begin PBXContainerItemProxy section */
		B37BEC3D1C48C1C8004BFCDE /* PBXContainerItemProxy */ = {
			isa = PBXContainerItemProxy;
			containerPortal = B37BEC1B1C48C1C8004BFCDE /* Project object */;
			proxyType = 1;
			remoteGlobalIDString = B37BEC221C48C1C8004BFCDE;
			remoteInfo = MSAlertView;
		};
		B37BEC481C48C1C8004BFCDE /* PBXContainerItemProxy */ = {
			isa = PBXContainerItemProxy;
			containerPortal = B37BEC1B1C48C1C8004BFCDE /* Project object */;
			proxyType = 1;
			remoteGlobalIDString = B37BEC221C48C1C8004BFCDE;
			remoteInfo = MSAlertView;
		};
/* End PBXContainerItemProxy section */

/* Begin PBXFileReference section */
		B37BEC231C48C1C8004BFCDE /* MSAlertView.app */ = {isa = PBXFileReference; explicitFileType = wrapper.application; includeInIndex = 0; path = MSAlertView.app; sourceTree = BUILT_PRODUCTS_DIR; };
		B37BEC271C48C1C8004BFCDE /* main.m */ = {isa = PBXFileReference; lastKnownFileType = sourcecode.c.objc; path = main.m; sourceTree = "<group>"; };
		B37BEC301C48C1C8004BFCDE /* Base */ = {isa = PBXFileReference; lastKnownFileType = file.storyboard; name = Base; path = Base.lproj/Main.storyboard; sourceTree = "<group>"; };
		B37BEC321C48C1C8004BFCDE /* Assets.xcassets */ = {isa = PBXFileReference; lastKnownFileType = folder.assetcatalog; path = Assets.xcassets; sourceTree = "<group>"; };
		B37BEC351C48C1C8004BFCDE /* Base */ = {isa = PBXFileReference; lastKnownFileType = file.storyboard; name = Base; path = Base.lproj/LaunchScreen.storyboard; sourceTree = "<group>"; };
		B37BEC371C48C1C8004BFCDE /* Info.plist */ = {isa = PBXFileReference; lastKnownFileType = text.plist.xml; path = Info.plist; sourceTree = "<group>"; };
		B37BEC3C1C48C1C8004BFCDE /* MSAlertViewTests.xctest */ = {isa = PBXFileReference; explicitFileType = wrapper.cfbundle; includeInIndex = 0; path = MSAlertViewTests.xctest; sourceTree = BUILT_PRODUCTS_DIR; };
		B37BEC471C48C1C8004BFCDE /* MSAlertViewUITests.xctest */ = {isa = PBXFileReference; explicitFileType = wrapper.cfbundle; includeInIndex = 0; path = MSAlertViewUITests.xctest; sourceTree = BUILT_PRODUCTS_DIR; };
		B37BEC881C4A6564004BFCDE /* ViewController.h */ = {isa = PBXFileReference; fileEncoding = 4; lastKnownFileType = sourcecode.c.h; path = ViewController.h; sourceTree = "<group>"; };
		B37BEC891C4A6564004BFCDE /* ViewController.m */ = {isa = PBXFileReference; fileEncoding = 4; lastKnownFileType = sourcecode.c.objc; path = ViewController.m; sourceTree = "<group>"; };
		B37BEC8B1C4A6564004BFCDE /* MSAlertView.h */ = {isa = PBXFileReference; fileEncoding = 4; lastKnownFileType = sourcecode.c.h; path = MSAlertView.h; sourceTree = "<group>"; };
		B37BEC8C1C4A6564004BFCDE /* MSAlertView.m */ = {isa = PBXFileReference; fileEncoding = 4; lastKnownFileType = sourcecode.c.objc; path = MSAlertView.m; sourceTree = "<group>"; };
		B37BEC8E1C4A6564004BFCDE /* MSAlertViewController.h */ = {isa = PBXFileReference; fileEncoding = 4; lastKnownFileType = sourcecode.c.h; path = MSAlertViewController.h; sourceTree = "<group>"; };
		B37BEC8F1C4A6564004BFCDE /* MSAlertViewController.m */ = {isa = PBXFileReference; fileEncoding = 4; lastKnownFileType = sourcecode.c.objc; path = MSAlertViewController.m; sourceTree = "<group>"; };
		B37BEC901C4A6564004BFCDE /* MSLoginExample.xib */ = {isa = PBXFileReference; fileEncoding = 4; lastKnownFileType = file.xib; path = MSLoginExample.xib; sourceTree = "<group>"; };
		B37BEC921C4A6564004BFCDE /* MSShoppingCart.h */ = {isa = PBXFileReference; fileEncoding = 4; lastKnownFileType = sourcecode.c.h; path = MSShoppingCart.h; sourceTree = "<group>"; };
		B37BEC931C4A6564004BFCDE /* MSShoppingCart.m */ = {isa = PBXFileReference; fileEncoding = 4; lastKnownFileType = sourcecode.c.objc; path = MSShoppingCart.m; sourceTree = "<group>"; };
		B37BEC941C4A6564004BFCDE /* MSShoppingCart.xib */ = {isa = PBXFileReference; fileEncoding = 4; lastKnownFileType = file.xib; path = MSShoppingCart.xib; sourceTree = "<group>"; };
		B37BEC9C1C4A657A004BFCDE /* AppDelegate.h */ = {isa = PBXFileReference; fileEncoding = 4; lastKnownFileType = sourcecode.c.h; path = AppDelegate.h; sourceTree = "<group>"; };
		B37BEC9D1C4A657A004BFCDE /* AppDelegate.m */ = {isa = PBXFileReference; fileEncoding = 4; lastKnownFileType = sourcecode.c.objc; path = AppDelegate.m; sourceTree = "<group>"; };
/* End PBXFileReference section */

/* Begin PBXFrameworksBuildPhase section */
		B37BEC201C48C1C8004BFCDE /* Frameworks */ = {
			isa = PBXFrameworksBuildPhase;
			buildActionMask = 2147483647;
			files = (
			);
			runOnlyForDeploymentPostprocessing = 0;
		};
		B37BEC391C48C1C8004BFCDE /* Frameworks */ = {
			isa = PBXFrameworksBuildPhase;
			buildActionMask = 2147483647;
			files = (
			);
			runOnlyForDeploymentPostprocessing = 0;
		};
		B37BEC441C48C1C8004BFCDE /* Frameworks */ = {
			isa = PBXFrameworksBuildPhase;
			buildActionMask = 2147483647;
			files = (
			);
			runOnlyForDeploymentPostprocessing = 0;
		};
/* End PBXFrameworksBuildPhase section */

/* Begin PBXGroup section */
		B37BEC1A1C48C1C8004BFCDE = {
			isa = PBXGroup;
			children = (
				B37BEC251C48C1C8004BFCDE /* MSAlertView */,
				B37BEC241C48C1C8004BFCDE /* Products */,
			);
			sourceTree = "<group>";
		};
		B37BEC241C48C1C8004BFCDE /* Products */ = {
			isa = PBXGroup;
			children = (
				B37BEC231C48C1C8004BFCDE /* MSAlertView.app */,
				B37BEC3C1C48C1C8004BFCDE /* MSAlertViewTests.xctest */,
				B37BEC471C48C1C8004BFCDE /* MSAlertViewUITests.xctest */,
			);
			name = Products;
			sourceTree = "<group>";
		};
		B37BEC251C48C1C8004BFCDE /* MSAlertView */ = {
			isa = PBXGroup;
			children = (
				B37BEC9B1C4A657A004BFCDE /* AppDelegate */,
				B37BEC871C4A6564004BFCDE /* HostViewController */,
				B37BEC8A1C4A6564004BFCDE /* MSAlertView */,
				B37BEC8D1C4A6564004BFCDE /* MSLoginExample */,
				B37BEC911C4A6564004BFCDE /* MSShoppingCart */,
				B37BEC2F1C48C1C8004BFCDE /* Main.storyboard */,
				B37BEC321C48C1C8004BFCDE /* Assets.xcassets */,
				B37BEC341C48C1C8004BFCDE /* LaunchScreen.storyboard */,
				B37BEC371C48C1C8004BFCDE /* Info.plist */,
				B37BEC261C48C1C8004BFCDE /* Supporting Files */,
			);
			path = MSAlertView;
			sourceTree = "<group>";
		};
		B37BEC261C48C1C8004BFCDE /* Supporting Files */ = {
			isa = PBXGroup;
			children = (
				B37BEC271C48C1C8004BFCDE /* main.m */,
			);
			name = "Supporting Files";
			sourceTree = "<group>";
		};
		B37BEC871C4A6564004BFCDE /* HostViewController */ = {
			isa = PBXGroup;
			children = (
				B37BEC881C4A6564004BFCDE /* ViewController.h */,
				B37BEC891C4A6564004BFCDE /* ViewController.m */,
			);
			path = HostViewController;
			sourceTree = "<group>";
		};
		B37BEC8A1C4A6564004BFCDE /* MSAlertView */ = {
			isa = PBXGroup;
			children = (
				B37BEC8B1C4A6564004BFCDE /* MSAlertView.h */,
				B37BEC8C1C4A6564004BFCDE /* MSAlertView.m */,
			);
			path = MSAlertView;
			sourceTree = "<group>";
		};
		B37BEC8D1C4A6564004BFCDE /* MSLoginExample */ = {
			isa = PBXGroup;
			children = (
				B37BEC8E1C4A6564004BFCDE /* MSAlertViewController.h */,
				B37BEC8F1C4A6564004BFCDE /* MSAlertViewController.m */,
				B37BEC901C4A6564004BFCDE /* MSLoginExample.xib */,
			);
			path = MSLoginExample;
			sourceTree = "<group>";
		};
		B37BEC911C4A6564004BFCDE /* MSShoppingCart */ = {
			isa = PBXGroup;
			children = (
				B37BEC921C4A6564004BFCDE /* MSShoppingCart.h */,
				B37BEC931C4A6564004BFCDE /* MSShoppingCart.m */,
				B37BEC941C4A6564004BFCDE /* MSShoppingCart.xib */,
			);
			path = MSShoppingCart;
			sourceTree = "<group>";
		};
		B37BEC9B1C4A657A004BFCDE /* AppDelegate */ = {
			isa = PBXGroup;
			children = (
				B37BEC9C1C4A657A004BFCDE /* AppDelegate.h */,
				B37BEC9D1C4A657A004BFCDE /* AppDelegate.m */,
			);
			path = AppDelegate;
			sourceTree = "<group>";
		};
/* End PBXGroup section */

/* Begin PBXNativeTarget section */
		B37BEC221C48C1C8004BFCDE /* MSAlertView */ = {
			isa = PBXNativeTarget;
			buildConfigurationList = B37BEC501C48C1C8004BFCDE /* Build configuration list for PBXNativeTarget "MSAlertView" */;
			buildPhases = (
				B37BEC1F1C48C1C8004BFCDE /* Sources */,
				B37BEC201C48C1C8004BFCDE /* Frameworks */,
				B37BEC211C48C1C8004BFCDE /* Resources */,
			);
			buildRules = (
			);
			dependencies = (
			);
			name = MSAlertView;
			productName = MSAlertView;
			productReference = B37BEC231C48C1C8004BFCDE /* MSAlertView.app */;
			productType = "com.apple.product-type.application";
		};
		B37BEC3B1C48C1C8004BFCDE /* MSAlertViewTests */ = {
			isa = PBXNativeTarget;
			buildConfigurationList = B37BEC531C48C1C8004BFCDE /* Build configuration list for PBXNativeTarget "MSAlertViewTests" */;
			buildPhases = (
				B37BEC381C48C1C8004BFCDE /* Sources */,
				B37BEC391C48C1C8004BFCDE /* Frameworks */,
				B37BEC3A1C48C1C8004BFCDE /* Resources */,
			);
			buildRules = (
			);
			dependencies = (
				B37BEC3E1C48C1C8004BFCDE /* PBXTargetDependency */,
			);
			name = MSAlertViewTests;
			productName = MSAlertViewTests;
			productReference = B37BEC3C1C48C1C8004BFCDE /* MSAlertViewTests.xctest */;
			productType = "com.apple.product-type.bundle.unit-test";
		};
		B37BEC461C48C1C8004BFCDE /* MSAlertViewUITests */ = {
			isa = PBXNativeTarget;
			buildConfigurationList = B37BEC561C48C1C8004BFCDE /* Build configuration list for PBXNativeTarget "MSAlertViewUITests" */;
			buildPhases = (
				B37BEC431C48C1C8004BFCDE /* Sources */,
				B37BEC441C48C1C8004BFCDE /* Frameworks */,
				B37BEC451C48C1C8004BFCDE /* Resources */,
			);
			buildRules = (
			);
			dependencies = (
				B37BEC491C48C1C8004BFCDE /* PBXTargetDependency */,
			);
			name = MSAlertViewUITests;
			productName = MSAlertViewUITests;
			productReference = B37BEC471C48C1C8004BFCDE /* MSAlertViewUITests.xctest */;
			productType = "com.apple.product-type.bundle.ui-testing";
		};
/* End PBXNativeTarget section */

/* Begin PBXProject section */
		B37BEC1B1C48C1C8004BFCDE /* Project object */ = {
			isa = PBXProject;
			attributes = {
				LastUpgradeCheck = 0710;
				ORGANIZATIONNAME = Mohshin;
				TargetAttributes = {
					B37BEC221C48C1C8004BFCDE = {
						CreatedOnToolsVersion = 7.1;
					};
					B37BEC3B1C48C1C8004BFCDE = {
						CreatedOnToolsVersion = 7.1;
						TestTargetID = B37BEC221C48C1C8004BFCDE;
					};
					B37BEC461C48C1C8004BFCDE = {
						CreatedOnToolsVersion = 7.1;
						TestTargetID = B37BEC221C48C1C8004BFCDE;
					};
				};
			};
			buildConfigurationList = B37BEC1E1C48C1C8004BFCDE /* Build configuration list for PBXProject "MSAlertView" */;
			compatibilityVersion = "Xcode 3.2";
			developmentRegion = English;
			hasScannedForEncodings = 0;
			knownRegions = (
				en,
				Base,
			);
			mainGroup = B37BEC1A1C48C1C8004BFCDE;
			productRefGroup = B37BEC241C48C1C8004BFCDE /* Products */;
			projectDirPath = "";
			projectRoot = "";
			targets = (
				B37BEC221C48C1C8004BFCDE /* MSAlertView */,
				B37BEC3B1C48C1C8004BFCDE /* MSAlertViewTests */,
				B37BEC461C48C1C8004BFCDE /* MSAlertViewUITests */,
			);
		};
/* End PBXProject section */

/* Begin PBXResourcesBuildPhase section */
		B37BEC211C48C1C8004BFCDE /* Resources */ = {
			isa = PBXResourcesBuildPhase;
			buildActionMask = 2147483647;
			files = (
				B37BEC981C4A6564004BFCDE /* MSLoginExample.xib in Resources */,
				B37BEC361C48C1C8004BFCDE /* LaunchScreen.storyboard in Resources */,
				B37BEC9A1C4A6564004BFCDE /* MSShoppingCart.xib in Resources */,
				B37BEC331C48C1C8004BFCDE /* Assets.xcassets in Resources */,
				B37BEC311C48C1C8004BFCDE /* Main.storyboard in Resources */,
			);
			runOnlyForDeploymentPostprocessing = 0;
		};
		B37BEC3A1C48C1C8004BFCDE /* Resources */ = {
			isa = PBXResourcesBuildPhase;
			buildActionMask = 2147483647;
			files = (
			);
			runOnlyForDeploymentPostprocessing = 0;
		};
		B37BEC451C48C1C8004BFCDE /* Resources */ = {
			isa = PBXResourcesBuildPhase;
			buildActionMask = 2147483647;
			files = (
			);
			runOnlyForDeploymentPostprocessing = 0;
		};
/* End PBXResourcesBuildPhase section */

/* Begin PBXSourcesBuildPhase section */
		B37BEC1F1C48C1C8004BFCDE /* Sources */ = {
			isa = PBXSourcesBuildPhase;
			buildActionMask = 2147483647;
			files = (
				B37BEC951C4A6564004BFCDE /* ViewController.m in Sources */,
				B37BEC991C4A6564004BFCDE /* MSShoppingCart.m in Sources */,
				B37BEC281C48C1C8004BFCDE /* main.m in Sources */,
				B37BEC961C4A6564004BFCDE /* MSAlertView.m in Sources */,
				B37BEC971C4A6564004BFCDE /* MSAlertViewController.m in Sources */,
				B37BEC9E1C4A657A004BFCDE /* AppDelegate.m in Sources */,
			);
			runOnlyForDeploymentPostprocessing = 0;
		};
		B37BEC381C48C1C8004BFCDE /* Sources */ = {
			isa = PBXSourcesBuildPhase;
			buildActionMask = 2147483647;
			files = (
			);
			runOnlyForDeploymentPostprocessing = 0;
		};
		B37BEC431C48C1C8004BFCDE /* Sources */ = {
			isa = PBXSourcesBuildPhase;
			buildActionMask = 2147483647;
			files = (
			);
			runOnlyForDeploymentPostprocessing = 0;
		};
/* End PBXSourcesBuildPhase section */

/* Begin PBXTargetDependency section */
		B37BEC3E1C48C1C8004BFCDE /* PBXTargetDependency */ = {
			isa = PBXTargetDependency;
			target = B37BEC221C48C1C8004BFCDE /* MSAlertView */;
			targetProxy = B37BEC3D1C48C1C8004BFCDE /* PBXContainerItemProxy */;
		};
		B37BEC491C48C1C8004BFCDE /* PBXTargetDependency */ = {
			isa = PBXTargetDependency;
			target = B37BEC221C48C1C8004BFCDE /* MSAlertView */;
			targetProxy = B37BEC481C48C1C8004BFCDE /* PBXContainerItemProxy */;
		};
/* End PBXTargetDependency section */

/* Begin PBXVariantGroup section */
		B37BEC2F1C48C1C8004BFCDE /* Main.storyboard */ = {
			isa = PBXVariantGroup;
			children = (
				B37BEC301C48C1C8004BFCDE /* Base */,
			);
			name = Main.storyboard;
			sourceTree = "<group>";
		};
		B37BEC341C48C1C8004BFCDE /* LaunchScreen.storyboard */ = {
			isa = PBXVariantGroup;
			children = (
				B37BEC351C48C1C8004BFCDE /* Base */,
			);
			name = LaunchScreen.storyboard;
			sourceTree = "<group>";
		};
/* End PBXVariantGroup section */

/* Begin XCBuildConfiguration section */
		B37BEC4E1C48C1C8004BFCDE /* Debug */ = {
			isa = XCBuildConfiguration;
			buildSettings = {
				ALWAYS_SEARCH_USER_PATHS = NO;
				CLANG_CXX_LANGUAGE_STANDARD = "gnu++0x";
				CLANG_CXX_LIBRARY = "libc++";
				CLANG_ENABLE_MODULES = YES;
				CLANG_ENABLE_OBJC_ARC = YES;
				CLANG_WARN_BOOL_CONVERSION = YES;
				CLANG_WARN_CONSTANT_CONVERSION = YES;
				CLANG_WARN_DIRECT_OBJC_ISA_USAGE = YES_ERROR;
				CLANG_WARN_EMPTY_BODY = YES;
				CLANG_WARN_ENUM_CONVERSION = YES;
				CLANG_WARN_INT_CONVERSION = YES;
				CLANG_WARN_OBJC_ROOT_CLASS = YES_ERROR;
				CLANG_WARN_UNREACHABLE_CODE = YES;
				CLANG_WARN__DUPLICATE_METHOD_MATCH = YES;
				"CODE_SIGN_IDENTITY[sdk=iphoneos*]" = "iPhone Developer";
				COPY_PHASE_STRIP = NO;
				DEBUG_INFORMATION_FORMAT = dwarf;
				ENABLE_STRICT_OBJC_MSGSEND = YES;
				ENABLE_TESTABILITY = YES;
				GCC_C_LANGUAGE_STANDARD = gnu99;
				GCC_DYNAMIC_NO_PIC = NO;
				GCC_NO_COMMON_BLOCKS = YES;
				GCC_OPTIMIZATION_LEVEL = 0;
				GCC_PREPROCESSOR_DEFINITIONS = (
					"DEBUG=1",
					"$(inherited)",
				);
				GCC_WARN_64_TO_32_BIT_CONVERSION = YES;
				GCC_WARN_ABOUT_RETURN_TYPE = YES_ERROR;
				GCC_WARN_UNDECLARED_SELECTOR = YES;
				GCC_WARN_UNINITIALIZED_AUTOS = YES_AGGRESSIVE;
				GCC_WARN_UNUSED_FUNCTION = YES;
				GCC_WARN_UNUSED_VARIABLE = YES;
				IPHONEOS_DEPLOYMENT_TARGET = 9.1;
				MTL_ENABLE_DEBUG_INFO = YES;
				ONLY_ACTIVE_ARCH = YES;
				SDKROOT = iphoneos;
			};
			name = Debug;
		};
		B37BEC4F1C48C1C8004BFCDE /* Release */ = {
			isa = XCBuildConfiguration;
			buildSettings = {
				ALWAYS_SEARCH_USER_PATHS = NO;
				CLANG_CXX_LANGUAGE_STANDARD = "gnu++0x";
				CLANG_CXX_LIBRARY = "libc++";
				CLANG_ENABLE_MODULES = YES;
				CLANG_ENABLE_OBJC_ARC = YES;
				CLANG_WARN_BOOL_CONVERSION = YES;
				CLANG_WARN_CONSTANT_CONVERSION = YES;
				CLANG_WARN_DIRECT_OBJC_ISA_USAGE = YES_ERROR;
				CLANG_WARN_EMPTY_BODY = YES;
				CLANG_WARN_ENUM_CONVERSION = YES;
				CLANG_WARN_INT_CONVERSION = YES;
				CLANG_WARN_OBJC_ROOT_CLASS = YES_ERROR;
				CLANG_WARN_UNREACHABLE_CODE = YES;
				CLANG_WARN__DUPLICATE_METHOD_MATCH = YES;
				"CODE_SIGN_IDENTITY[sdk=iphoneos*]" = "iPhone Developer";
				COPY_PHASE_STRIP = NO;
				DEBUG_INFORMATION_FORMAT = "dwarf-with-dsym";
				ENABLE_NS_ASSERTIONS = NO;
				ENABLE_STRICT_OBJC_MSGSEND = YES;
				GCC_C_LANGUAGE_STANDARD = gnu99;
				GCC_NO_COMMON_BLOCKS = YES;
				GCC_WARN_64_TO_32_BIT_CONVERSION = YES;
				GCC_WARN_ABOUT_RETURN_TYPE = YES_ERROR;
				GCC_WARN_UNDECLARED_SELECTOR = YES;
				GCC_WARN_UNINITIALIZED_AUTOS = YES_AGGRESSIVE;
				GCC_WARN_UNUSED_FUNCTION = YES;
				GCC_WARN_UNUSED_VARIABLE = YES;
				IPHONEOS_DEPLOYMENT_TARGET = 9.1;
				MTL_ENABLE_DEBUG_INFO = NO;
				SDKROOT = iphoneos;
				VALIDATE_PRODUCT = YES;
			};
			name = Release;
		};
		B37BEC511C48C1C8004BFCDE /* Debug */ = {
			isa = XCBuildConfiguration;
			buildSettings = {
				ASSETCATALOG_COMPILER_APPICON_NAME = AppIcon;
				INFOPLIST_FILE = MSAlertView/Info.plist;
				LD_RUNPATH_SEARCH_PATHS = "$(inherited) @executable_path/Frameworks";
				PRODUCT_BUNDLE_IDENTIFIER = com.mohshin.MSAlertView;
				PRODUCT_NAME = "$(TARGET_NAME)";
			};
			name = Debug;
		};
		B37BEC521C48C1C8004BFCDE /* Release */ = {
			isa = XCBuildConfiguration;
			buildSettings = {
				ASSETCATALOG_COMPILER_APPICON_NAME = AppIcon;
				INFOPLIST_FILE = MSAlertView/Info.plist;
				LD_RUNPATH_SEARCH_PATHS = "$(inherited) @executable_path/Frameworks";
				PRODUCT_BUNDLE_IDENTIFIER = com.mohshin.MSAlertView;
				PRODUCT_NAME = "$(TARGET_NAME)";
			};
			name = Release;
		};
		B37BEC541C48C1C8004BFCDE /* Debug */ = {
			isa = XCBuildConfiguration;
			buildSettings = {
				BUNDLE_LOADER = "$(TEST_HOST)";
				INFOPLIST_FILE = MSAlertViewTests/Info.plist;
				LD_RUNPATH_SEARCH_PATHS = "$(inherited) @executable_path/Frameworks @loader_path/Frameworks";
				PRODUCT_BUNDLE_IDENTIFIER = com.mohshin.MSAlertViewTests;
				PRODUCT_NAME = "$(TARGET_NAME)";
				TEST_HOST = "$(BUILT_PRODUCTS_DIR)/MSAlertView.app/MSAlertView";
			};
			name = Debug;
		};
		B37BEC551C48C1C8004BFCDE /* Release */ = {
			isa = XCBuildConfiguration;
			buildSettings = {
				BUNDLE_LOADER = "$(TEST_HOST)";
				INFOPLIST_FILE = MSAlertViewTests/Info.plist;
				LD_RUNPATH_SEARCH_PATHS = "$(inherited) @executable_path/Frameworks @loader_path/Frameworks";
				PRODUCT_BUNDLE_IDENTIFIER = com.mohshin.MSAlertViewTests;
				PRODUCT_NAME = "$(TARGET_NAME)";
				TEST_HOST = "$(BUILT_PRODUCTS_DIR)/MSAlertView.app/MSAlertView";
			};
			name = Release;
		};
		B37BEC571C48C1C8004BFCDE /* Debug */ = {
			isa = XCBuildConfiguration;
			buildSettings = {
				INFOPLIST_FILE = MSAlertViewUITests/Info.plist;
				LD_RUNPATH_SEARCH_PATHS = "$(inherited) @executable_path/Frameworks @loader_path/Frameworks";
				PRODUCT_BUNDLE_IDENTIFIER = com.mohshin.MSAlertViewUITests;
				PRODUCT_NAME = "$(TARGET_NAME)";
				TEST_TARGET_NAME = MSAlertView;
				USES_XCTRUNNER = YES;
			};
			name = Debug;
		};
		B37BEC581C48C1C8004BFCDE /* Release */ = {
			isa = XCBuildConfiguration;
			buildSettings = {
				INFOPLIST_FILE = MSAlertViewUITests/Info.plist;
				LD_RUNPATH_SEARCH_PATHS = "$(inherited) @executable_path/Frameworks @loader_path/Frameworks";
				PRODUCT_BUNDLE_IDENTIFIER = com.mohshin.MSAlertViewUITests;
				PRODUCT_NAME = "$(TARGET_NAME)";
				TEST_TARGET_NAME = MSAlertView;
				USES_XCTRUNNER = YES;
			};
			name = Release;
		};
/* End XCBuildConfiguration section */

/* Begin XCConfigurationList section */
		B37BEC1E1C48C1C8004BFCDE /* Build configuration list for PBXProject "MSAlertView" */ = {
			isa = XCConfigurationList;
			buildConfigurations = (
				B37BEC4E1C48C1C8004BFCDE /* Debug */,
				B37BEC4F1C48C1C8004BFCDE /* Release */,
			);
			defaultConfigurationIsVisible = 0;
			defaultConfigurationName = Release;
		};
		B37BEC501C48C1C8004BFCDE /* Build configuration list for PBXNativeTarget "MSAlertView" */ = {
			isa = XCConfigurationList;
			buildConfigurations = (
				B37BEC511C48C1C8004BFCDE /* Debug */,
				B37BEC521C48C1C8004BFCDE /* Release */,
			);
			defaultConfigurationIsVisible = 0;
			defaultConfigurationName = Release;
		};
		B37BEC531C48C1C8004BFCDE /* Build configuration list for PBXNativeTarget "MSAlertViewTests" */ = {
			isa = XCConfigurationList;
			buildConfigurations = (
				B37BEC541C48C1C8004BFCDE /* Debug */,
				B37BEC551C48C1C8004BFCDE /* Release */,
			);
			defaultConfigurationIsVisible = 0;
			defaultConfigurationName = Release;
		};
		B37BEC561C48C1C8004BFCDE /* Build configuration list for PBXNativeTarget "MSAlertViewUITests" */ = {
			isa = XCConfigurationList;
			buildConfigurations = (
				B37BEC571C48C1C8004BFCDE /* Debug */,
				B37BEC581C48C1C8004BFCDE /* Release */,
			);
			defaultConfigurationIsVisible = 0;
			defaultConfigurationName = Release;
		};
/* End XCConfigurationList section */
	};
	rootObject = B37BEC1B1C48C1C8004BFCDE /* Project object */;
}
